
Microsoft Visual Studio Solution File, Format Version 12.00
# Visual Studio 15
VisualStudioVersion = 15.0.26124.0
MinimumVisualStudioVersion = 15.0.26124.0
Project("{2150E333-8FDC-42A3-9474-1A3956D46DE8}") = "src", "src", "{07C1B9F3-7D8A-4B6E-BC6D-5136CFC775DD}"
EndProject
Project("{FAE04EC0-301F-11D3-BF4B-00C04F79EFBC}") = "CleanArch.UI.MVC", "src\Presentation\CleanArch.UI.MVC.csproj", "{641363F3-C50F-4B80-BDFE-613421F3C207}"
EndProject
Project("{FAE04EC0-301F-11D3-BF4B-00C04F79EFBC}") = "CleanArch.Domain", "src\Domain\CleanArch.Domain.csproj", "{DBE5FF70-69B6-45DD-8272-025C61143380}"
EndProject
Global
	GlobalSection(SolutionConfigurationPlatforms) = preSolution
		Debug|Any CPU = Debug|Any CPU
		Debug|x64 = Debug|x64
		Debug|x86 = Debug|x86
		Release|Any CPU = Release|Any CPU
		Release|x64 = Release|x64
		Release|x86 = Release|x86
	EndGlobalSection
	GlobalSection(SolutionProperties) = preSolution
		HideSolutionNode = FALSE
	EndGlobalSection
	GlobalSection(ProjectConfigurationPlatforms) = postSolution
		{641363F3-C50F-4B80-BDFE-613421F3C207}.Debug|Any CPU.ActiveCfg = Debug|Any CPU
		{641363F3-C50F-4B80-BDFE-613421F3C207}.Debug|Any CPU.Build.0 = Debug|Any CPU
		{641363F3-C50F-4B80-BDFE-613421F3C207}.Debug|x64.ActiveCfg = Debug|Any CPU
		{641363F3-C50F-4B80-BDFE-613421F3C207}.Debug|x64.Build.0 = Debug|Any CPU
		{641363F3-C50F-4B80-BDFE-613421F3C207}.Debug|x86.ActiveCfg = Debug|Any CPU
		{641363F3-C50F-4B80-BDFE-613421F3C207}.Debug|x86.Build.0 = Debug|Any CPU
		{641363F3-C50F-4B80-BDFE-613421F3C207}.Release|Any CPU.ActiveCfg = Release|Any CPU
		{641363F3-C50F-4B80-BDFE-613421F3C207}.Release|Any CPU.Build.0 = Release|Any CPU
		{641363F3-C50F-4B80-BDFE-613421F3C207}.Release|x64.ActiveCfg = Release|Any CPU
		{641363F3-C50F-4B80-BDFE-613421F3C207}.Release|x64.Build.0 = Release|Any CPU
		{641363F3-C50F-4B80-BDFE-613421F3C207}.Release|x86.ActiveCfg = Release|Any CPU
		{641363F3-C50F-4B80-BDFE-613421F3C207}.Release|x86.Build.0 = Release|Any CPU
		{DBE5FF70-69B6-45DD-8272-025C61143380}.Debug|Any CPU.ActiveCfg = Debug|Any CPU
		{DBE5FF70-69B6-45DD-8272-025C61143380}.Debug|Any CPU.Build.0 = Debug|Any CPU
		{DBE5FF70-69B6-45DD-8272-025C61143380}.Debug|x64.ActiveCfg = Debug|Any CPU
		{DBE5FF70-69B6-45DD-8272-025C61143380}.Debug|x64.Build.0 = Debug|Any CPU
		{DBE5FF70-69B6-45DD-8272-025C61143380}.Debug|x86.ActiveCfg = Debug|Any CPU
		{DBE5FF70-69B6-45DD-8272-025C61143380}.Debug|x86.Build.0 = Debug|Any CPU
		{DBE5FF70-69B6-45DD-8272-025C61143380}.Release|Any CPU.ActiveCfg = Release|Any CPU
		{DBE5FF70-69B6-45DD-8272-025C61143380}.Release|Any CPU.Build.0 = Release|Any CPU
		{DBE5FF70-69B6-45DD-8272-025C61143380}.Release|x64.ActiveCfg = Release|Any CPU
		{DBE5FF70-69B6-45DD-8272-025C61143380}.Release|x64.Build.0 = Release|Any CPU
		{DBE5FF70-69B6-45DD-8272-025C61143380}.Release|x86.ActiveCfg = Release|Any CPU
		{DBE5FF70-69B6-45DD-8272-025C61143380}.Release|x86.Build.0 = Release|Any CPU
	EndGlobalSection
	GlobalSection(NestedProjects) = preSolution
		{641363F3-C50F-4B80-BDFE-613421F3C207} = {07C1B9F3-7D8A-4B6E-BC6D-5136CFC775DD}
		{DBE5FF70-69B6-45DD-8272-025C61143380} = {07C1B9F3-7D8A-4B6E-BC6D-5136CFC775DD}
	EndGlobalSection
EndGlobal
